
Microsoft Visual Studio Solution File, Format Version 12.00
# Visual Studio Version 17
VisualStudioVersion = 17.5.002.0
MinimumVisualStudioVersion = 10.0.40219.1
Project("{9A19103F-16F7-4668-BE54-9A1E7A4F7556}") = "Meu primeiro progama C#", "Meu primeiro progama C#.csproj", "{6AC3C73E-142B-468F-8461-9E4D7C41621A}"
EndProject
Global
	GlobalSection(SolutionConfigurationPlatforms) = preSolution
		Debug|Any CPU = Debug|Any CPU
		Release|Any CPU = Release|Any CPU
	EndGlobalSection
	GlobalSection(ProjectConfigurationPlatforms) = postSolution
		{6AC3C73E-142B-468F-8461-9E4D7C41621A}.Debug|Any CPU.ActiveCfg = Debug|Any CPU
		{6AC3C73E-142B-468F-8461-9E4D7C41621A}.Debug|Any CPU.Build.0 = Debug|Any CPU
		{6AC3C73E-142B-468F-8461-9E4D7C41621A}.Release|Any CPU.ActiveCfg = Release|Any CPU
		{6AC3C73E-142B-468F-8461-9E4D7C41621A}.Release|Any CPU.Build.0 = Release|Any CPU
	EndGlobalSection
	GlobalSection(SolutionProperties) = preSolution
		HideSolutionNode = FALSE
	EndGlobalSection
	GlobalSection(ExtensibilityGlobals) = postSolution
		SolutionGuid = {13624577-DFA7-43ED-AB3F-C01F9DF7F7AB}
	EndGlobalSection
EndGlobal
